// !$*UTF8*$!
{
	archiveVersion = 1;
	classes = {
	};
	objectVersion = 56;
	objects = {

/* Begin PBXBuildFile section */
		1A26F10529A2C9590034E78F /* TapInStudentLoginApp.swift in Sources */ = {isa = PBXBuildFile; fileRef = 1A26F10429A2C9590034E78F /* TapInStudentLoginApp.swift */; };
		1A26F10729A2C9590034E78F /* SignUpScreen.swift in Sources */ = {isa = PBXBuildFile; fileRef = 1A26F10629A2C9590034E78F /* SignUpScreen.swift */; };
		1A26F10929A2C95A0034E78F /* Assets.xcassets in Resources */ = {isa = PBXBuildFile; fileRef = 1A26F10829A2C95A0034E78F /* Assets.xcassets */; };
		1A26F10C29A2C95A0034E78F /* Preview Assets.xcassets in Resources */ = {isa = PBXBuildFile; fileRef = 1A26F10B29A2C95A0034E78F /* Preview Assets.xcassets */; };
		1A26F11329A2E40D0034E78F /* OutlinedTextFieldStyle.swift in Sources */ = {isa = PBXBuildFile; fileRef = 1A26F11229A2E40D0034E78F /* OutlinedTextFieldStyle.swift */; };
		1A26F11529A4559E0034E78F /* LaunchPage.swift in Sources */ = {isa = PBXBuildFile; fileRef = 1A26F11429A4559E0034E78F /* LaunchPage.swift */; };
		1A26F11729A5B3E60034E78F /* StudentLockScreen.swift in Sources */ = {isa = PBXBuildFile; fileRef = 1A26F11629A5B3E60034E78F /* StudentLockScreen.swift */; };
		1A26F11929A7FF870034E78F /* DashBoard.swift in Sources */ = {isa = PBXBuildFile; fileRef = 1A26F11829A7FF870034E78F /* DashBoard.swift */; };
		1A26F13729B1A3EB0034E78F /* RequestAchat.swift in Sources */ = {isa = PBXBuildFile; fileRef = 1A26F13629B1A3EB0034E78F /* RequestAchat.swift */; };
		1A3C001029DF515100D6582A /* SurveyTabView.swift in Sources */ = {isa = PBXBuildFile; fileRef = 1A3C000F29DF515100D6582A /* SurveyTabView.swift */; };
		1A3C001629E0A27000D6582A /* SettingsView.swift in Sources */ = {isa = PBXBuildFile; fileRef = 1A3C001529E0A27000D6582A /* SettingsView.swift */; };
		1A3C001829EF8B8700D6582A /* TappedInView.swift in Sources */ = {isa = PBXBuildFile; fileRef = 1A3C001729EF8B8700D6582A /* TappedInView.swift */; };
		1A3C001A29EF8BE700D6582A /* StudentWellBeingView.swift in Sources */ = {isa = PBXBuildFile; fileRef = 1A3C001929EF8BE700D6582A /* StudentWellBeingView.swift */; };
		1A3C001C29EF94E100D6582A /* PollChartView.swift in Sources */ = {isa = PBXBuildFile; fileRef = 1A3C001B29EF94E100D6582A /* PollChartView.swift */; };
		1AB817C429F7821F006E99A8 /* TapInCompletionView.swift in Sources */ = {isa = PBXBuildFile; fileRef = 1AB817C329F7821F006E99A8 /* TapInCompletionView.swift */; };
		1AB817C629FDE4CC006E99A8 /* Dashboard2.swift in Sources */ = {isa = PBXBuildFile; fileRef = 1AB817C529FDE4CC006E99A8 /* Dashboard2.swift */; };
		1AFD923729BFA047004CFBB2 /* Color+Extension.swift in Sources */ = {isa = PBXBuildFile; fileRef = 1AFD923629BFA047004CFBB2 /* Color+Extension.swift */; };
		1AFD923929C2B8B4004CFBB2 /* TapInSurvey1.swift in Sources */ = {isa = PBXBuildFile; fileRef = 1AFD923829C2B8B4004CFBB2 /* TapInSurvey1.swift */; };
		1AFD923B29C2CB78004CFBB2 /* TapInSurvey2.swift in Sources */ = {isa = PBXBuildFile; fileRef = 1AFD923A29C2CB78004CFBB2 /* TapInSurvey2.swift */; };
		1AFD923D29C2E01F004CFBB2 /* TapInSurvey3.swift in Sources */ = {isa = PBXBuildFile; fileRef = 1AFD923C29C2E01F004CFBB2 /* TapInSurvey3.swift */; };
		1AFD923F29C2E648004CFBB2 /* TapInSurvey4.swift in Sources */ = {isa = PBXBuildFile; fileRef = 1AFD923E29C2E648004CFBB2 /* TapInSurvey4.swift */; };
/* End PBXBuildFile section */

/* Begin PBXFileReference section */
		1A26F10129A2C9590034E78F /* TapInStudentLogin.app */ = {isa = PBXFileReference; explicitFileType = wrapper.application; includeInIndex = 0; path = TapInStudentLogin.app; sourceTree = BUILT_PRODUCTS_DIR; };
		1A26F10429A2C9590034E78F /* TapInStudentLoginApp.swift */ = {isa = PBXFileReference; lastKnownFileType = sourcecode.swift; path = TapInStudentLoginApp.swift; sourceTree = "<group>"; };
		1A26F10629A2C9590034E78F /* SignUpScreen.swift */ = {isa = PBXFileReference; lastKnownFileType = sourcecode.swift; path = SignUpScreen.swift; sourceTree = "<group>"; };
		1A26F10829A2C95A0034E78F /* Assets.xcassets */ = {isa = PBXFileReference; lastKnownFileType = folder.assetcatalog; path = Assets.xcassets; sourceTree = "<group>"; };
		1A26F10B29A2C95A0034E78F /* Preview Assets.xcassets */ = {isa = PBXFileReference; lastKnownFileType = folder.assetcatalog; path = "Preview Assets.xcassets"; sourceTree = "<group>"; };
		1A26F11229A2E40D0034E78F /* OutlinedTextFieldStyle.swift */ = {isa = PBXFileReference; lastKnownFileType = sourcecode.swift; path = OutlinedTextFieldStyle.swift; sourceTree = "<group>"; };
		1A26F11429A4559E0034E78F /* LaunchPage.swift */ = {isa = PBXFileReference; lastKnownFileType = sourcecode.swift; path = LaunchPage.swift; sourceTree = "<group>"; };
		1A26F11629A5B3E60034E78F /* StudentLockScreen.swift */ = {isa = PBXFileReference; lastKnownFileType = sourcecode.swift; path = StudentLockScreen.swift; sourceTree = "<group>"; };
		1A26F11829A7FF870034E78F /* DashBoard.swift */ = {isa = PBXFileReference; lastKnownFileType = sourcecode.swift; path = DashBoard.swift; sourceTree = "<group>"; };
		1A26F13629B1A3EB0034E78F /* RequestAchat.swift */ = {isa = PBXFileReference; lastKnownFileType = sourcecode.swift; path = RequestAchat.swift; sourceTree = "<group>"; };
		1A3C000F29DF515100D6582A /* SurveyTabView.swift */ = {isa = PBXFileReference; lastKnownFileType = sourcecode.swift; path = SurveyTabView.swift; sourceTree = "<group>"; };
		1A3C001529E0A27000D6582A /* SettingsView.swift */ = {isa = PBXFileReference; lastKnownFileType = sourcecode.swift; path = SettingsView.swift; sourceTree = "<group>"; };
		1A3C001729EF8B8700D6582A /* TappedInView.swift */ = {isa = PBXFileReference; lastKnownFileType = sourcecode.swift; path = TappedInView.swift; sourceTree = "<group>"; };
		1A3C001929EF8BE700D6582A /* StudentWellBeingView.swift */ = {isa = PBXFileReference; lastKnownFileType = sourcecode.swift; path = StudentWellBeingView.swift; sourceTree = "<group>"; };
		1A3C001B29EF94E100D6582A /* PollChartView.swift */ = {isa = PBXFileReference; lastKnownFileType = sourcecode.swift; path = PollChartView.swift; sourceTree = "<group>"; };
		1AB817C329F7821F006E99A8 /* TapInCompletionView.swift */ = {isa = PBXFileReference; lastKnownFileType = sourcecode.swift; path = TapInCompletionView.swift; sourceTree = "<group>"; };
		1AB817C529FDE4CC006E99A8 /* Dashboard2.swift */ = {isa = PBXFileReference; lastKnownFileType = sourcecode.swift; path = Dashboard2.swift; sourceTree = "<group>"; };
		1AFD923629BFA047004CFBB2 /* Color+Extension.swift */ = {isa = PBXFileReference; lastKnownFileType = sourcecode.swift; path = "Color+Extension.swift"; sourceTree = "<group>"; };
		1AFD923829C2B8B4004CFBB2 /* TapInSurvey1.swift */ = {isa = PBXFileReference; lastKnownFileType = sourcecode.swift; path = TapInSurvey1.swift; sourceTree = "<group>"; };
		1AFD923A29C2CB78004CFBB2 /* TapInSurvey2.swift */ = {isa = PBXFileReference; lastKnownFileType = sourcecode.swift; path = TapInSurvey2.swift; sourceTree = "<group>"; };
		1AFD923C29C2E01F004CFBB2 /* TapInSurvey3.swift */ = {isa = PBXFileReference; lastKnownFileType = sourcecode.swift; path = TapInSurvey3.swift; sourceTree = "<group>"; };
		1AFD923E29C2E648004CFBB2 /* TapInSurvey4.swift */ = {isa = PBXFileReference; lastKnownFileType = sourcecode.swift; path = TapInSurvey4.swift; sourceTree = "<group>"; };
/* End PBXFileReference section */

/* Begin PBXFrameworksBuildPhase section */
		1A26F0FE29A2C9590034E78F /* Frameworks */ = {
			isa = PBXFrameworksBuildPhase;
			buildActionMask = 2147483647;
			files = (
			);
			runOnlyForDeploymentPostprocessing = 0;
		};
/* End PBXFrameworksBuildPhase section */

/* Begin PBXGroup section */
		1A26F0F829A2C9590034E78F = {
			isa = PBXGroup;
			children = (
				1A3C000E29DF4CFD00D6582A /* Survey Onboarding */,
				1A26F10329A2C9590034E78F /* TapInStudentLogin */,
				1A26F10229A2C9590034E78F /* Products */,
			);
			sourceTree = "<group>";
		};
		1A26F10229A2C9590034E78F /* Products */ = {
			isa = PBXGroup;
			children = (
				1A26F10129A2C9590034E78F /* TapInStudentLogin.app */,
			);
			name = Products;
			sourceTree = "<group>";
		};
		1A26F10329A2C9590034E78F /* TapInStudentLogin */ = {
			isa = PBXGroup;
			children = (
				1A26F10429A2C9590034E78F /* TapInStudentLoginApp.swift */,
				1A26F11429A4559E0034E78F /* LaunchPage.swift */,
				1A26F10629A2C9590034E78F /* SignUpScreen.swift */,
				1A26F11629A5B3E60034E78F /* StudentLockScreen.swift */,
				1A26F11829A7FF870034E78F /* DashBoard.swift */,
				1AB817C529FDE4CC006E99A8 /* Dashboard2.swift */,
				1A3C001729EF8B8700D6582A /* TappedInView.swift */,
				1A26F13629B1A3EB0034E78F /* RequestAchat.swift */,
				1A3C001529E0A27000D6582A /* SettingsView.swift */,
				1A3C001B29EF94E100D6582A /* PollChartView.swift */,
				1A3C001929EF8BE700D6582A /* StudentWellBeingView.swift */,
				1AB817C329F7821F006E99A8 /* TapInCompletionView.swift */,
				1A26F11229A2E40D0034E78F /* OutlinedTextFieldStyle.swift */,
				1AFD923629BFA047004CFBB2 /* Color+Extension.swift */,
				1A3C001429DF61A300D6582A /* ProjectFonts */,
				1A26F10829A2C95A0034E78F /* Assets.xcassets */,
				1A26F10A29A2C95A0034E78F /* Preview Content */,
			);
			path = TapInStudentLogin;
			sourceTree = "<group>";
		};
		1A26F10A29A2C95A0034E78F /* Preview Content */ = {
			isa = PBXGroup;
			children = (
				1A26F10B29A2C95A0034E78F /* Preview Assets.xcassets */,
			);
			path = "Preview Content";
			sourceTree = "<group>";
		};
		1A3C000E29DF4CFD00D6582A /* Survey Onboarding */ = {
			isa = PBXGroup;
			children = (
				1A3C000F29DF515100D6582A /* SurveyTabView.swift */,
				1AFD923829C2B8B4004CFBB2 /* TapInSurvey1.swift */,
				1AFD923A29C2CB78004CFBB2 /* TapInSurvey2.swift */,
				1AFD923C29C2E01F004CFBB2 /* TapInSurvey3.swift */,
				1AFD923E29C2E648004CFBB2 /* TapInSurvey4.swift */,
			);
			path = "Survey Onboarding";
			sourceTree = "<group>";
		};
		1A3C001429DF61A300D6582A /* ProjectFonts */ = {
			isa = PBXGroup;
			children = (
			);
			path = ProjectFonts;
			sourceTree = "<group>";
		};
/* End PBXGroup section */

/* Begin PBXNativeTarget section */
		1A26F10029A2C9590034E78F /* TapInStudentLogin */ = {
			isa = PBXNativeTarget;
			buildConfigurationList = 1A26F10F29A2C95A0034E78F /* Build configuration list for PBXNativeTarget "TapInStudentLogin" */;
			buildPhases = (
				1A26F0FD29A2C9590034E78F /* Sources */,
				1A26F0FE29A2C9590034E78F /* Frameworks */,
				1A26F0FF29A2C9590034E78F /* Resources */,
			);
			buildRules = (
			);
			dependencies = (
			);
			name = TapInStudentLogin;
			productName = TapInStudentLogin;
			productReference = 1A26F10129A2C9590034E78F /* TapInStudentLogin.app */;
			productType = "com.apple.product-type.application";
		};
/* End PBXNativeTarget section */

/* Begin PBXProject section */
		1A26F0F929A2C9590034E78F /* Project object */ = {
			isa = PBXProject;
			attributes = {
				BuildIndependentTargetsInParallel = 1;
				LastSwiftUpdateCheck = 1420;
				LastUpgradeCheck = 1420;
				TargetAttributes = {
					1A26F10029A2C9590034E78F = {
						CreatedOnToolsVersion = 14.2;
					};
				};
			};
			buildConfigurationList = 1A26F0FC29A2C9590034E78F /* Build configuration list for PBXProject "TapInStudentView" */;
			compatibilityVersion = "Xcode 14.0";
			developmentRegion = en;
			hasScannedForEncodings = 0;
			knownRegions = (
				en,
				Base,
			);
			mainGroup = 1A26F0F829A2C9590034E78F;
			productRefGroup = 1A26F10229A2C9590034E78F /* Products */;
			projectDirPath = "";
			projectRoot = "";
			targets = (
				1A26F10029A2C9590034E78F /* TapInStudentLogin */,
			);
		};
/* End PBXProject section */

/* Begin PBXResourcesBuildPhase section */
		1A26F0FF29A2C9590034E78F /* Resources */ = {
			isa = PBXResourcesBuildPhase;
			buildActionMask = 2147483647;
			files = (
				1A26F10C29A2C95A0034E78F /* Preview Assets.xcassets in Resources */,
				1A26F10929A2C95A0034E78F /* Assets.xcassets in Resources */,
			);
			runOnlyForDeploymentPostprocessing = 0;
		};
/* End PBXResourcesBuildPhase section */

/* Begin PBXSourcesBuildPhase section */
		1A26F0FD29A2C9590034E78F /* Sources */ = {
			isa = PBXSourcesBuildPhase;
			buildActionMask = 2147483647;
			files = (
				1A3C001A29EF8BE700D6582A /* StudentWellBeingView.swift in Sources */,
				1A26F11329A2E40D0034E78F /* OutlinedTextFieldStyle.swift in Sources */,
				1A26F11729A5B3E60034E78F /* StudentLockScreen.swift in Sources */,
				1A26F10729A2C9590034E78F /* SignUpScreen.swift in Sources */,
				1AB817C629FDE4CC006E99A8 /* Dashboard2.swift in Sources */,
				1AFD923F29C2E648004CFBB2 /* TapInSurvey4.swift in Sources */,
				1AFD923D29C2E01F004CFBB2 /* TapInSurvey3.swift in Sources */,
				1A3C001829EF8B8700D6582A /* TappedInView.swift in Sources */,
				1AFD923B29C2CB78004CFBB2 /* TapInSurvey2.swift in Sources */,
				1AFD923929C2B8B4004CFBB2 /* TapInSurvey1.swift in Sources */,
				1A3C001C29EF94E100D6582A /* PollChartView.swift in Sources */,
				1A3C001629E0A27000D6582A /* SettingsView.swift in Sources */,
				1A26F13729B1A3EB0034E78F /* RequestAchat.swift in Sources */,
				1A26F10529A2C9590034E78F /* TapInStudentLoginApp.swift in Sources */,
				1AB817C429F7821F006E99A8 /* TapInCompletionView.swift in Sources */,
				1A26F11529A4559E0034E78F /* LaunchPage.swift in Sources */,
				1A26F11929A7FF870034E78F /* DashBoard.swift in Sources */,
				1AFD923729BFA047004CFBB2 /* Color+Extension.swift in Sources */,
				1A3C001029DF515100D6582A /* SurveyTabView.swift in Sources */,
			);
			runOnlyForDeploymentPostprocessing = 0;
		};
/* End PBXSourcesBuildPhase section */

/* Begin XCBuildConfiguration section */
		1A26F10D29A2C95A0034E78F /* Debug */ = {
			isa = XCBuildConfiguration;
			buildSettings = {
				ALWAYS_SEARCH_USER_PATHS = NO;
				CLANG_ANALYZER_NONNULL = YES;
				CLANG_ANALYZER_NUMBER_OBJECT_CONVERSION = YES_AGGRESSIVE;
				CLANG_CXX_LANGUAGE_STANDARD = "gnu++20";
				CLANG_ENABLE_MODULES = YES;
				CLANG_ENABLE_OBJC_ARC = YES;
				CLANG_ENABLE_OBJC_WEAK = YES;
				CLANG_WARN_BLOCK_CAPTURE_AUTORELEASING = YES;
				CLANG_WARN_BOOL_CONVERSION = YES;
				CLANG_WARN_COMMA = YES;
				CLANG_WARN_CONSTANT_CONVERSION = YES;
				CLANG_WARN_DEPRECATED_OBJC_IMPLEMENTATIONS = YES;
				CLANG_WARN_DIRECT_OBJC_ISA_USAGE = YES_ERROR;
				CLANG_WARN_DOCUMENTATION_COMMENTS = YES;
				CLANG_WARN_EMPTY_BODY = YES;
				CLANG_WARN_ENUM_CONVERSION = YES;
				CLANG_WARN_INFINITE_RECURSION = YES;
				CLANG_WARN_INT_CONVERSION = YES;
				CLANG_WARN_NON_LITERAL_NULL_CONVERSION = YES;
				CLANG_WARN_OBJC_IMPLICIT_RETAIN_SELF = YES;
				CLANG_WARN_OBJC_LITERAL_CONVERSION = YES;
				CLANG_WARN_OBJC_ROOT_CLASS = YES_ERROR;
				CLANG_WARN_QUOTED_INCLUDE_IN_FRAMEWORK_HEADER = YES;
				CLANG_WARN_RANGE_LOOP_ANALYSIS = YES;
				CLANG_WARN_STRICT_PROTOTYPES = YES;
				CLANG_WARN_SUSPICIOUS_MOVE = YES;
				CLANG_WARN_UNGUARDED_AVAILABILITY = YES_AGGRESSIVE;
				CLANG_WARN_UNREACHABLE_CODE = YES;
				CLANG_WARN__DUPLICATE_METHOD_MATCH = YES;
				COPY_PHASE_STRIP = NO;
				DEBUG_INFORMATION_FORMAT = dwarf;
				ENABLE_STRICT_OBJC_MSGSEND = YES;
				ENABLE_TESTABILITY = YES;
				GCC_C_LANGUAGE_STANDARD = gnu11;
				GCC_DYNAMIC_NO_PIC = NO;
				GCC_NO_COMMON_BLOCKS = YES;
				GCC_OPTIMIZATION_LEVEL = 0;
				GCC_PREPROCESSOR_DEFINITIONS = (
					"DEBUG=1",
					"$(inherited)",
				);
				GCC_WARN_64_TO_32_BIT_CONVERSION = YES;
				GCC_WARN_ABOUT_RETURN_TYPE = YES_ERROR;
				GCC_WARN_UNDECLARED_SELECTOR = YES;
				GCC_WARN_UNINITIALIZED_AUTOS = YES_AGGRESSIVE;
				GCC_WARN_UNUSED_FUNCTION = YES;
				GCC_WARN_UNUSED_VARIABLE = YES;
				IPHONEOS_DEPLOYMENT_TARGET = 16.2;
				MTL_ENABLE_DEBUG_INFO = INCLUDE_SOURCE;
				MTL_FAST_MATH = YES;
				ONLY_ACTIVE_ARCH = YES;
				SDKROOT = iphoneos;
				SWIFT_ACTIVE_COMPILATION_CONDITIONS = DEBUG;
				SWIFT_OPTIMIZATION_LEVEL = "-Onone";
			};
			name = Debug;
		};
		1A26F10E29A2C95A0034E78F /* Release */ = {
			isa = XCBuildConfiguration;
			buildSettings = {
				ALWAYS_SEARCH_USER_PATHS = NO;
				CLANG_ANALYZER_NONNULL = YES;
				CLANG_ANALYZER_NUMBER_OBJECT_CONVERSION = YES_AGGRESSIVE;
				CLANG_CXX_LANGUAGE_STANDARD = "gnu++20";
				CLANG_ENABLE_MODULES = YES;
				CLANG_ENABLE_OBJC_ARC = YES;
				CLANG_ENABLE_OBJC_WEAK = YES;
				CLANG_WARN_BLOCK_CAPTURE_AUTORELEASING = YES;
				CLANG_WARN_BOOL_CONVERSION = YES;
				CLANG_WARN_COMMA = YES;
				CLANG_WARN_CONSTANT_CONVERSION = YES;
				CLANG_WARN_DEPRECATED_OBJC_IMPLEMENTATIONS = YES;
				CLANG_WARN_DIRECT_OBJC_ISA_USAGE = YES_ERROR;
				CLANG_WARN_DOCUMENTATION_COMMENTS = YES;
				CLANG_WARN_EMPTY_BODY = YES;
				CLANG_WARN_ENUM_CONVERSION = YES;
				CLANG_WARN_INFINITE_RECURSION = YES;
				CLANG_WARN_INT_CONVERSION = YES;
				CLANG_WARN_NON_LITERAL_NULL_CONVERSION = YES;
				CLANG_WARN_OBJC_IMPLICIT_RETAIN_SELF = YES;
				CLANG_WARN_OBJC_LITERAL_CONVERSION = YES;
				CLANG_WARN_OBJC_ROOT_CLASS = YES_ERROR;
				CLANG_WARN_QUOTED_INCLUDE_IN_FRAMEWORK_HEADER = YES;
				CLANG_WARN_RANGE_LOOP_ANALYSIS = YES;
				CLANG_WARN_STRICT_PROTOTYPES = YES;
				CLANG_WARN_SUSPICIOUS_MOVE = YES;
				CLANG_WARN_UNGUARDED_AVAILABILITY = YES_AGGRESSIVE;
				CLANG_WARN_UNREACHABLE_CODE = YES;
				CLANG_WARN__DUPLICATE_METHOD_MATCH = YES;
				COPY_PHASE_STRIP = NO;
				DEBUG_INFORMATION_FORMAT = "dwarf-with-dsym";
				ENABLE_NS_ASSERTIONS = NO;
				ENABLE_STRICT_OBJC_MSGSEND = YES;
				GCC_C_LANGUAGE_STANDARD = gnu11;
				GCC_NO_COMMON_BLOCKS = YES;
				GCC_WARN_64_TO_32_BIT_CONVERSION = YES;
				GCC_WARN_ABOUT_RETURN_TYPE = YES_ERROR;
				GCC_WARN_UNDECLARED_SELECTOR = YES;
				GCC_WARN_UNINITIALIZED_AUTOS = YES_AGGRESSIVE;
				GCC_WARN_UNUSED_FUNCTION = YES;
				GCC_WARN_UNUSED_VARIABLE = YES;
				IPHONEOS_DEPLOYMENT_TARGET = 16.2;
				MTL_ENABLE_DEBUG_INFO = NO;
				MTL_FAST_MATH = YES;
				SDKROOT = iphoneos;
				SWIFT_COMPILATION_MODE = wholemodule;
				SWIFT_OPTIMIZATION_LEVEL = "-O";
				VALIDATE_PRODUCT = YES;
			};
			name = Release;
		};
		1A26F11029A2C95A0034E78F /* Debug */ = {
			isa = XCBuildConfiguration;
			buildSettings = {
				ASSETCATALOG_COMPILER_APPICON_NAME = AppIcon;
				ASSETCATALOG_COMPILER_GLOBAL_ACCENT_COLOR_NAME = AccentColor;
				CODE_SIGN_STYLE = Automatic;
				CURRENT_PROJECT_VERSION = 1;
				DEVELOPMENT_ASSET_PATHS = "\"TapInStudentLogin/Preview Content\"";
				DEVELOPMENT_TEAM = KY5FDC9N4H;
				ENABLE_PREVIEWS = YES;
				GENERATE_INFOPLIST_FILE = YES;
				INFOPLIST_KEY_UIApplicationSceneManifest_Generation = YES;
				INFOPLIST_KEY_UIApplicationSupportsIndirectInputEvents = YES;
				INFOPLIST_KEY_UILaunchScreen_Generation = YES;
				INFOPLIST_KEY_UISupportedInterfaceOrientations_iPad = "UIInterfaceOrientationPortrait UIInterfaceOrientationPortraitUpsideDown UIInterfaceOrientationLandscapeLeft UIInterfaceOrientationLandscapeRight";
				INFOPLIST_KEY_UISupportedInterfaceOrientations_iPhone = "UIInterfaceOrientationPortrait UIInterfaceOrientationLandscapeLeft UIInterfaceOrientationLandscapeRight";
				LD_RUNPATH_SEARCH_PATHS = (
					"$(inherited)",
					"@executable_path/Frameworks",
				);
				MARKETING_VERSION = 1.0;
				PRODUCT_BUNDLE_IDENTIFIER = morganware.benia.TapInStudentLogin;
				PRODUCT_NAME = "$(TARGET_NAME)";
				SWIFT_EMIT_LOC_STRINGS = YES;
				SWIFT_VERSION = 5.0;
				TARGETED_DEVICE_FAMILY = "1,2";
			};
			name = Debug;
		};
		1A26F11129A2C95A0034E78F /* Release */ = {
			isa = XCBuildConfiguration;
			buildSettings = {
				ASSETCATALOG_COMPILER_APPICON_NAME = AppIcon;
				ASSETCATALOG_COMPILER_GLOBAL_ACCENT_COLOR_NAME = AccentColor;
				CODE_SIGN_STYLE = Automatic;
				CURRENT_PROJECT_VERSION = 1;
				DEVELOPMENT_ASSET_PATHS = "\"TapInStudentLogin/Preview Content\"";
				DEVELOPMENT_TEAM = KY5FDC9N4H;
				ENABLE_PREVIEWS = YES;
				GENERATE_INFOPLIST_FILE = YES;
				INFOPLIST_KEY_UIApplicationSceneManifest_Generation = YES;
				INFOPLIST_KEY_UIApplicationSupportsIndirectInputEvents = YES;
				INFOPLIST_KEY_UILaunchScreen_Generation = YES;
				INFOPLIST_KEY_UISupportedInterfaceOrientations_iPad = "UIInterfaceOrientationPortrait UIInterfaceOrientationPortraitUpsideDown UIInterfaceOrientationLandscapeLeft UIInterfaceOrientationLandscapeRight";
				INFOPLIST_KEY_UISupportedInterfaceOrientations_iPhone = "UIInterfaceOrientationPortrait UIInterfaceOrientationLandscapeLeft UIInterfaceOrientationLandscapeRight";
				LD_RUNPATH_SEARCH_PATHS = (
					"$(inherited)",
					"@executable_path/Frameworks",
				);
				MARKETING_VERSION = 1.0;
				PRODUCT_BUNDLE_IDENTIFIER = morganware.benia.TapInStudentLogin;
				PRODUCT_NAME = "$(TARGET_NAME)";
				SWIFT_EMIT_LOC_STRINGS = YES;
				SWIFT_VERSION = 5.0;
				TARGETED_DEVICE_FAMILY = "1,2";
			};
			name = Release;
		};
/* End XCBuildConfiguration section */

/* Begin XCConfigurationList section */
		1A26F0FC29A2C9590034E78F /* Build configuration list for PBXProject "TapInStudentView" */ = {
			isa = XCConfigurationList;
			buildConfigurations = (
				1A26F10D29A2C95A0034E78F /* Debug */,
				1A26F10E29A2C95A0034E78F /* Release */,
			);
			defaultConfigurationIsVisible = 0;
			defaultConfigurationName = Release;
		};
		1A26F10F29A2C95A0034E78F /* Build configuration list for PBXNativeTarget "TapInStudentLogin" */ = {
			isa = XCConfigurationList;
			buildConfigurations = (
				1A26F11029A2C95A0034E78F /* Debug */,
				1A26F11129A2C95A0034E78F /* Release */,
			);
			defaultConfigurationIsVisible = 0;
			defaultConfigurationName = Release;
		};
/* End XCConfigurationList section */
	};
	rootObject = 1A26F0F929A2C9590034E78F /* Project object */;
}
